
Microsoft Visual Studio Solution File, Format Version 12.00
# Visual Studio 14
VisualStudioVersion = 14.0.25420.1
MinimumVisualStudioVersion = 10.0.40219.1
Project("{FAE04EC0-301F-11D3-BF4B-00C04F79EFBC}") = "Razor", "Razor\Razor.csproj", "{F6BE0936-CC68-474A-9C24-26F7A5F0C0BB}"
EndProject
Project("{FAE04EC0-301F-11D3-BF4B-00C04F79EFBC}") = "Razor.Tests", "Razor.Tests\Razor.Tests.csproj", "{88B1D6E1-D1C6-4848-8D33-130DD26478F4}"
EndProject
Global
	GlobalSection(SolutionConfigurationPlatforms) = preSolution
		Debug|Any CPU = Debug|Any CPU
		Release|Any CPU = Release|Any CPU
	EndGlobalSection
	GlobalSection(ProjectConfigurationPlatforms) = postSolution
		{F6BE0936-CC68-474A-9C24-26F7A5F0C0BB}.Debug|Any CPU.ActiveCfg = Debug|Any CPU
		{F6BE0936-CC68-474A-9C24-26F7A5F0C0BB}.Debug|Any CPU.Build.0 = Debug|Any CPU
		{F6BE0936-CC68-474A-9C24-26F7A5F0C0BB}.Release|Any CPU.ActiveCfg = Release|Any CPU
		{F6BE0936-CC68-474A-9C24-26F7A5F0C0BB}.Release|Any CPU.Build.0 = Release|Any CPU
		{88B1D6E1-D1C6-4848-8D33-130DD26478F4}.Debug|Any CPU.ActiveCfg = Debug|Any CPU
		{88B1D6E1-D1C6-4848-8D33-130DD26478F4}.Debug|Any CPU.Build.0 = Debug|Any CPU
		{88B1D6E1-D1C6-4848-8D33-130DD26478F4}.Release|Any CPU.ActiveCfg = Release|Any CPU
		{88B1D6E1-D1C6-4848-8D33-130DD26478F4}.Release|Any CPU.Build.0 = Release|Any CPU
	EndGlobalSection
	GlobalSection(SolutionProperties) = preSolution
		HideSolutionNode = FALSE
	EndGlobalSection
EndGlobal
